
Microsoft Visual Studio Solution File, Format Version 12.00
# Visual Studio Version 16
VisualStudioVersion = 16.0.29926.136
MinimumVisualStudioVersion = 10.0.40219.1
Project("{FAE04EC0-301F-11D3-BF4B-00C04F79EFBC}") = "CourseLinksAPI", "CourseLinksAPI\CourseLinksAPI.csproj", "{DD9FF708-4DA5-42AB-BFB3-242322638BDA}"
EndProject
Global
	GlobalSection(SolutionConfigurationPlatforms) = preSolution
		Debug|Any CPU = Debug|Any CPU
		Release|Any CPU = Release|Any CPU
	EndGlobalSection
	GlobalSection(ProjectConfigurationPlatforms) = postSolution
		{DD9FF708-4DA5-42AB-BFB3-242322638BDA}.Debug|Any CPU.ActiveCfg = Debug|Any CPU
		{DD9FF708-4DA5-42AB-BFB3-242322638BDA}.Debug|Any CPU.Build.0 = Debug|Any CPU
		{DD9FF708-4DA5-42AB-BFB3-242322638BDA}.Release|Any CPU.ActiveCfg = Release|Any CPU
		{DD9FF708-4DA5-42AB-BFB3-242322638BDA}.Release|Any CPU.Build.0 = Release|Any CPU
	EndGlobalSection
	GlobalSection(SolutionProperties) = preSolution
		HideSolutionNode = FALSE
	EndGlobalSection
	GlobalSection(ExtensibilityGlobals) = postSolution
		SolutionGuid = {3073D669-E84E-4833-B4BC-62D28BFA8986}
	EndGlobalSection
EndGlobal
